
Microsoft Visual Studio Solution File, Format Version 12.00
# Visual Studio Version 17
VisualStudioVersion = 17.0.31903.59
MinimumVisualStudioVersion = 10.0.40219.1
Project("{2150E333-8FDC-42A3-9474-1A3956D46DE8}") = "src", "src", "{F162889A-E371-4ED3-9790-C6288FF682EC}"
EndProject
Project("{FAE04EC0-301F-11D3-BF4B-00C04F79EFBC}") = "TradeFix.Common", "src\TradeFix.Common\TradeFix.Common.csproj", "{32195D76-E8D5-4F7D-AEB4-018F7B8FCA25}"
EndProject
Project("{FAE04EC0-301F-11D3-BF4B-00C04F79EFBC}") = "TradeFix.Shared", "src\TradeFix.Shared\TradeFix.Shared.csproj", "{8AD3CB19-58A4-4483-B960-0CE062EC466E}"
EndProject
Project("{FAE04EC0-301F-11D3-BF4B-00C04F79EFBC}") = "TradeFix.Protocol", "src\TradeFix.Protocol\TradeFix.Protocol.csproj", "{1998CDFB-875F-4F17-92AE-110DEF1F410A}"
EndProject
Project("{FAE04EC0-301F-11D3-BF4B-00C04F79EFBC}") = "TradeFix.Database", "src\TradeFix.Database\TradeFix.Database.csproj", "{EFBF5682-E7EE-45DC-8821-45E48E0CDB82}"
EndProject
Project("{FAE04EC0-301F-11D3-BF4B-00C04F79EFBC}") = "TradeFix.Network", "src\TradeFix.Network\TradeFix.Network.csproj", "{BB4F23BD-9D4C-4AAF-9ECE-CC868D887A01}"
EndProject
Project("{FAE04EC0-301F-11D3-BF4B-00C04F79EFBC}") = "TradeFix.Rendering", "src\TradeFix.Rendering\TradeFix.Rendering.csproj", "{CD668B56-9959-4C4F-8C52-BC3516D4E2FA}"
EndProject
Project("{FAE04EC0-301F-11D3-BF4B-00C04F79EFBC}") = "TradeFix.Sources", "src\TradeFix.Sources\TradeFix.Sources.csproj", "{A984D543-495F-4664-9276-FAE8293B558C}"
EndProject
Project("{FAE04EC0-301F-11D3-BF4B-00C04F79EFBC}") = "TradeFix.Audio", "src\TradeFix.Audio\TradeFix.Audio.csproj", "{D4D7E9E1-6714-4FB6-A52D-C34FB08BBE90}"
EndProject
Project("{FAE04EC0-301F-11D3-BF4B-00C04F79EFBC}") = "TradeFix.Assets", "src\TradeFix.Assets\TradeFix.Assets.csproj", "{D4F138F8-B96E-4651-B433-79F78E4ABB5F}"
EndProject
Project("{FAE04EC0-301F-11D3-BF4B-00C04F79EFBC}") = "TradeFix.Master", "src\TradeFix.Master\TradeFix.Master.csproj", "{D7D02976-09A1-4BAC-919C-B6CE61E243E7}"
EndProject
Project("{FAE04EC0-301F-11D3-BF4B-00C04F79EFBC}") = "TradeFix.Agent", "src\TradeFix.Agent\TradeFix.Agent.csproj", "{C3F2A590-887C-460E-8766-025E20EA9EFF}"
EndProject
Project("{2150E333-8FDC-42A3-9474-1A3956D46DE8}") = "tests", "tests", "{C1800586-F19C-4736-9F1E-A597DBB932F8}"
EndProject
Project("{FAE04EC0-301F-11D3-BF4B-00C04F79EFBC}") = "TradeFix.Shared.Tests", "tests\TradeFix.Shared.Tests\TradeFix.Shared.Tests.csproj", "{E444FE92-EFA7-4A07-B673-46DEEF478DAD}"
EndProject
Project("{FAE04EC0-301F-11D3-BF4B-00C04F79EFBC}") = "TradeFix.Protocol.Tests", "tests\TradeFix.Protocol.Tests\TradeFix.Protocol.Tests.csproj", "{C530708F-8465-484F-BCEA-37F30BEF66AF}"
EndProject
Project("{FAE04EC0-301F-11D3-BF4B-00C04F79EFBC}") = "TradeFix.Network.Tests", "tests\TradeFix.Network.Tests\TradeFix.Network.Tests.csproj", "{DB31C2B8-7757-4316-97CD-72E2E23C6D6D}"
EndProject
Project("{FAE04EC0-301F-11D3-BF4B-00C04F79EFBC}") = "TradeFix.Master.Tests", "tests\TradeFix.Master.Tests\TradeFix.Master.Tests.csproj", "{3F65BA54-730F-44EA-A58A-E3CC281D8979}"
EndProject
Project("{FAE04EC0-301F-11D3-BF4B-00C04F79EFBC}") = "TradeFix.Launcher", "src\TradeFix.Launcher\TradeFix.Launcher.csproj", "{D6D7101E-8B46-43E2-B2D2-D874FEF68322}"
EndProject
Project("{FAE04EC0-301F-11D3-BF4B-00C04F79EFBC}") = "TradeFix.Launcher.Tests", "tests\TradeFix.Launcher.Tests\TradeFix.Launcher.Tests.csproj", "{3FC4048D-2098-460B-9C84-11C63FCBA1E8}"
EndProject
Global
	GlobalSection(SolutionConfigurationPlatforms) = preSolution
		Debug|Any CPU = Debug|Any CPU
		Release|Any CPU = Release|Any CPU
	EndGlobalSection
	GlobalSection(SolutionProperties) = preSolution
		HideSolutionNode = FALSE
	EndGlobalSection
	GlobalSection(ProjectConfigurationPlatforms) = postSolution
		{32195D76-E8D5-4F7D-AEB4-018F7B8FCA25}.Debug|Any CPU.ActiveCfg = Debug|Any CPU
		{32195D76-E8D5-4F7D-AEB4-018F7B8FCA25}.Debug|Any CPU.Build.0 = Debug|Any CPU
		{32195D76-E8D5-4F7D-AEB4-018F7B8FCA25}.Release|Any CPU.ActiveCfg = Release|Any CPU
		{32195D76-E8D5-4F7D-AEB4-018F7B8FCA25}.Release|Any CPU.Build.0 = Release|Any CPU
		{8AD3CB19-58A4-4483-B960-0CE062EC466E}.Debug|Any CPU.ActiveCfg = Debug|Any CPU
		{8AD3CB19-58A4-4483-B960-0CE062EC466E}.Debug|Any CPU.Build.0 = Debug|Any CPU
		{8AD3CB19-58A4-4483-B960-0CE062EC466E}.Release|Any CPU.ActiveCfg = Release|Any CPU
		{8AD3CB19-58A4-4483-B960-0CE062EC466E}.Release|Any CPU.Build.0 = Release|Any CPU
		{1998CDFB-875F-4F17-92AE-110DEF1F410A}.Debug|Any CPU.ActiveCfg = Debug|Any CPU
		{1998CDFB-875F-4F17-92AE-110DEF1F410A}.Debug|Any CPU.Build.0 = Debug|Any CPU
		{1998CDFB-875F-4F17-92AE-110DEF1F410A}.Release|Any CPU.ActiveCfg = Release|Any CPU
		{1998CDFB-875F-4F17-92AE-110DEF1F410A}.Release|Any CPU.Build.0 = Release|Any CPU
		{EFBF5682-E7EE-45DC-8821-45E48E0CDB82}.Debug|Any CPU.ActiveCfg = Debug|Any CPU
		{EFBF5682-E7EE-45DC-8821-45E48E0CDB82}.Debug|Any CPU.Build.0 = Debug|Any CPU
		{EFBF5682-E7EE-45DC-8821-45E48E0CDB82}.Release|Any CPU.ActiveCfg = Release|Any CPU
		{EFBF5682-E7EE-45DC-8821-45E48E0CDB82}.Release|Any CPU.Build.0 = Release|Any CPU
		{BB4F23BD-9D4C-4AAF-9ECE-CC868D887A01}.Debug|Any CPU.ActiveCfg = Debug|Any CPU
		{BB4F23BD-9D4C-4AAF-9ECE-CC868D887A01}.Debug|Any CPU.Build.0 = Debug|Any CPU
		{BB4F23BD-9D4C-4AAF-9ECE-CC868D887A01}.Release|Any CPU.ActiveCfg = Release|Any CPU
		{BB4F23BD-9D4C-4AAF-9ECE-CC868D887A01}.Release|Any CPU.Build.0 = Release|Any CPU
		{CD668B56-9959-4C4F-8C52-BC3516D4E2FA}.Debug|Any CPU.ActiveCfg = Debug|Any CPU
		{CD668B56-9959-4C4F-8C52-BC3516D4E2FA}.Debug|Any CPU.Build.0 = Debug|Any CPU
		{CD668B56-9959-4C4F-8C52-BC3516D4E2FA}.Release|Any CPU.ActiveCfg = Release|Any CPU
		{CD668B56-9959-4C4F-8C52-BC3516D4E2FA}.Release|Any CPU.Build.0 = Release|Any CPU
		{A984D543-495F-4664-9276-FAE8293B558C}.Debug|Any CPU.ActiveCfg = Debug|Any CPU
		{A984D543-495F-4664-9276-FAE8293B558C}.Debug|Any CPU.Build.0 = Debug|Any CPU
		{A984D543-495F-4664-9276-FAE8293B558C}.Release|Any CPU.ActiveCfg = Release|Any CPU
		{A984D543-495F-4664-9276-FAE8293B558C}.Release|Any CPU.Build.0 = Release|Any CPU
		{D4D7E9E1-6714-4FB6-A52D-C34FB08BBE90}.Debug|Any CPU.ActiveCfg = Debug|Any CPU
		{D4D7E9E1-6714-4FB6-A52D-C34FB08BBE90}.Debug|Any CPU.Build.0 = Debug|Any CPU
		{D4D7E9E1-6714-4FB6-A52D-C34FB08BBE90}.Release|Any CPU.ActiveCfg = Release|Any CPU
		{D4D7E9E1-6714-4FB6-A52D-C34FB08BBE90}.Release|Any CPU.Build.0 = Release|Any CPU
		{D4F138F8-B96E-4651-B433-79F78E4ABB5F}.Debug|Any CPU.ActiveCfg = Debug|Any CPU
		{D4F138F8-B96E-4651-B433-79F78E4ABB5F}.Debug|Any CPU.Build.0 = Debug|Any CPU
		{D4F138F8-B96E-4651-B433-79F78E4ABB5F}.Release|Any CPU.ActiveCfg = Release|Any CPU
		{D4F138F8-B96E-4651-B433-79F78E4ABB5F}.Release|Any CPU.Build.0 = Release|Any CPU
		{D7D02976-09A1-4BAC-919C-B6CE61E243E7}.Debug|Any CPU.ActiveCfg = Debug|Any CPU
		{D7D02976-09A1-4BAC-919C-B6CE61E243E7}.Debug|Any CPU.Build.0 = Debug|Any CPU
		{D7D02976-09A1-4BAC-919C-B6CE61E243E7}.Release|Any CPU.ActiveCfg = Release|Any CPU
		{D7D02976-09A1-4BAC-919C-B6CE61E243E7}.Release|Any CPU.Build.0 = Release|Any CPU
		{C3F2A590-887C-460E-8766-025E20EA9EFF}.Debug|Any CPU.ActiveCfg = Debug|Any CPU
		{C3F2A590-887C-460E-8766-025E20EA9EFF}.Debug|Any CPU.Build.0 = Debug|Any CPU
		{C3F2A590-887C-460E-8766-025E20EA9EFF}.Release|Any CPU.ActiveCfg = Release|Any CPU
		{C3F2A590-887C-460E-8766-025E20EA9EFF}.Release|Any CPU.Build.0 = Release|Any CPU
		{E444FE92-EFA7-4A07-B673-46DEEF478DAD}.Debug|Any CPU.ActiveCfg = Debug|Any CPU
		{E444FE92-EFA7-4A07-B673-46DEEF478DAD}.Debug|Any CPU.Build.0 = Debug|Any CPU
		{E444FE92-EFA7-4A07-B673-46DEEF478DAD}.Release|Any CPU.ActiveCfg = Release|Any CPU
		{E444FE92-EFA7-4A07-B673-46DEEF478DAD}.Release|Any CPU.Build.0 = Release|Any CPU
		{C530708F-8465-484F-BCEA-37F30BEF66AF}.Debug|Any CPU.ActiveCfg = Debug|Any CPU
		{C530708F-8465-484F-BCEA-37F30BEF66AF}.Debug|Any CPU.Build.0 = Debug|Any CPU
		{C530708F-8465-484F-BCEA-37F30BEF66AF}.Release|Any CPU.ActiveCfg = Release|Any CPU
		{C530708F-8465-484F-BCEA-37F30BEF66AF}.Release|Any CPU.Build.0 = Release|Any CPU
		{DB31C2B8-7757-4316-97CD-72E2E23C6D6D}.Debug|Any CPU.ActiveCfg = Debug|Any CPU
		{DB31C2B8-7757-4316-97CD-72E2E23C6D6D}.Debug|Any CPU.Build.0 = Debug|Any CPU
		{DB31C2B8-7757-4316-97CD-72E2E23C6D6D}.Release|Any CPU.ActiveCfg = Release|Any CPU
		{DB31C2B8-7757-4316-97CD-72E2E23C6D6D}.Release|Any CPU.Build.0 = Release|Any CPU
		{3F65BA54-730F-44EA-A58A-E3CC281D8979}.Debug|Any CPU.ActiveCfg = Debug|Any CPU
		{3F65BA54-730F-44EA-A58A-E3CC281D8979}.Debug|Any CPU.Build.0 = Debug|Any CPU
		{3F65BA54-730F-44EA-A58A-E3CC281D8979}.Release|Any CPU.ActiveCfg = Release|Any CPU
		{3F65BA54-730F-44EA-A58A-E3CC281D8979}.Release|Any CPU.Build.0 = Release|Any CPU
		{D6D7101E-8B46-43E2-B2D2-D874FEF68322}.Debug|Any CPU.ActiveCfg = Debug|Any CPU
		{D6D7101E-8B46-43E2-B2D2-D874FEF68322}.Debug|Any CPU.Build.0 = Debug|Any CPU
		{D6D7101E-8B46-43E2-B2D2-D874FEF68322}.Release|Any CPU.ActiveCfg = Release|Any CPU
		{D6D7101E-8B46-43E2-B2D2-D874FEF68322}.Release|Any CPU.Build.0 = Release|Any CPU
		{3FC4048D-2098-460B-9C84-11C63FCBA1E8}.Debug|Any CPU.ActiveCfg = Debug|Any CPU
		{3FC4048D-2098-460B-9C84-11C63FCBA1E8}.Debug|Any CPU.Build.0 = Debug|Any CPU
		{3FC4048D-2098-460B-9C84-11C63FCBA1E8}.Release|Any CPU.ActiveCfg = Release|Any CPU
		{3FC4048D-2098-460B-9C84-11C63FCBA1E8}.Release|Any CPU.Build.0 = Release|Any CPU
	EndGlobalSection
	GlobalSection(NestedProjects) = preSolution
		{32195D76-E8D5-4F7D-AEB4-018F7B8FCA25} = {F162889A-E371-4ED3-9790-C6288FF682EC}
		{8AD3CB19-58A4-4483-B960-0CE062EC466E} = {F162889A-E371-4ED3-9790-C6288FF682EC}
		{1998CDFB-875F-4F17-92AE-110DEF1F410A} = {F162889A-E371-4ED3-9790-C6288FF682EC}
		{EFBF5682-E7EE-45DC-8821-45E48E0CDB82} = {F162889A-E371-4ED3-9790-C6288FF682EC}
		{BB4F23BD-9D4C-4AAF-9ECE-CC868D887A01} = {F162889A-E371-4ED3-9790-C6288FF682EC}
		{CD668B56-9959-4C4F-8C52-BC3516D4E2FA} = {F162889A-E371-4ED3-9790-C6288FF682EC}
		{A984D543-495F-4664-9276-FAE8293B558C} = {F162889A-E371-4ED3-9790-C6288FF682EC}
		{D4D7E9E1-6714-4FB6-A52D-C34FB08BBE90} = {F162889A-E371-4ED3-9790-C6288FF682EC}
		{D4F138F8-B96E-4651-B433-79F78E4ABB5F} = {F162889A-E371-4ED3-9790-C6288FF682EC}
		{D7D02976-09A1-4BAC-919C-B6CE61E243E7} = {F162889A-E371-4ED3-9790-C6288FF682EC}
		{C3F2A590-887C-460E-8766-025E20EA9EFF} = {F162889A-E371-4ED3-9790-C6288FF682EC}
		{E444FE92-EFA7-4A07-B673-46DEEF478DAD} = {C1800586-F19C-4736-9F1E-A597DBB932F8}
		{C530708F-8465-484F-BCEA-37F30BEF66AF} = {C1800586-F19C-4736-9F1E-A597DBB932F8}
		{DB31C2B8-7757-4316-97CD-72E2E23C6D6D} = {C1800586-F19C-4736-9F1E-A597DBB932F8}
		{3F65BA54-730F-44EA-A58A-E3CC281D8979} = {C1800586-F19C-4736-9F1E-A597DBB932F8}
		{D6D7101E-8B46-43E2-B2D2-D874FEF68322} = {F162889A-E371-4ED3-9790-C6288FF682EC}
		{3FC4048D-2098-460B-9C84-11C63FCBA1E8} = {C1800586-F19C-4736-9F1E-A597DBB932F8}
	EndGlobalSection
EndGlobal
